
Microsoft Visual Studio Solution File, Format Version 12.00
# Visual Studio 16
Project("{FAE04EC0-301F-11D3-BF4B-00C04F79EFBC}") = "Assembly-CSharp", "Assembly-CSharp.csproj", "{22A2651F-2E36-A63C-F621-52AFBB8532BC}"
EndProject
Project("{FAE04EC0-301F-11D3-BF4B-00C04F79EFBC}") = "Assembly-CSharp-Editor", "Assembly-CSharp-Editor.csproj", "{608CEAA8-FC44-F346-5495-0533702C7017}"
EndProject
Global
	GlobalSection(SolutionConfigurationPlatforms) = preSolution
		Debug|Any CPU = Debug|Any CPU
		Release|Any CPU = Release|Any CPU
	EndGlobalSection
	GlobalSection(ProjectConfigurationPlatforms) = postSolution
		{22A2651F-2E36-A63C-F621-52AFBB8532BC}.Debug|Any CPU.ActiveCfg = Debug|Any CPU
		{22A2651F-2E36-A63C-F621-52AFBB8532BC}.Debug|Any CPU.Build.0 = Debug|Any CPU
		{22A2651F-2E36-A63C-F621-52AFBB8532BC}.Release|Any CPU.ActiveCfg = Release|Any CPU
		{22A2651F-2E36-A63C-F621-52AFBB8532BC}.Release|Any CPU.Build.0 = Release|Any CPU
		{608CEAA8-FC44-F346-5495-0533702C7017}.Debug|Any CPU.ActiveCfg = Debug|Any CPU
		{608CEAA8-FC44-F346-5495-0533702C7017}.Debug|Any CPU.Build.0 = Debug|Any CPU
		{608CEAA8-FC44-F346-5495-0533702C7017}.Release|Any CPU.ActiveCfg = Release|Any CPU
		{608CEAA8-FC44-F346-5495-0533702C7017}.Release|Any CPU.Build.0 = Release|Any CPU
	EndGlobalSection
	GlobalSection(SolutionProperties) = preSolution
		HideSolutionNode = FALSE
	EndGlobalSection
EndGlobal
